
Microsoft Visual Studio Solution File, Format Version 12.00
# Visual Studio 15
VisualStudioVersion = 15.0.28307.489
MinimumVisualStudioVersion = 10.0.40219.1
Project("{FAE04EC0-301F-11D3-BF4B-00C04F79EFBC}") = "WebAPI", "WebAPI\WebAPI.csproj", "{CC7C654A-D80E-46A2-8A8F-1EE471EEB537}"
EndProject
Global
	GlobalSection(SolutionConfigurationPlatforms) = preSolution
		Debug|Any CPU = Debug|Any CPU
		Release|Any CPU = Release|Any CPU
	EndGlobalSection
	GlobalSection(ProjectConfigurationPlatforms) = postSolution
		{CC7C654A-D80E-46A2-8A8F-1EE471EEB537}.Debug|Any CPU.ActiveCfg = Debug|Any CPU
		{CC7C654A-D80E-46A2-8A8F-1EE471EEB537}.Debug|Any CPU.Build.0 = Debug|Any CPU
		{CC7C654A-D80E-46A2-8A8F-1EE471EEB537}.Release|Any CPU.ActiveCfg = Release|Any CPU
		{CC7C654A-D80E-46A2-8A8F-1EE471EEB537}.Release|Any CPU.Build.0 = Release|Any CPU
	EndGlobalSection
	GlobalSection(SolutionProperties) = preSolution
		HideSolutionNode = FALSE
	EndGlobalSection
	GlobalSection(ExtensibilityGlobals) = postSolution
		SolutionGuid = {9CC3CEF5-BCE6-44D0-8C54-56F17D4EE82A}
	EndGlobalSection
EndGlobal
